
Microsoft Visual Studio Solution File, Format Version 12.00
# Visual Studio Version 17
VisualStudioVersion = 17.3.32901.215
MinimumVisualStudioVersion = 10.0.40219.1
Project("{FAE04EC0-301F-11D3-BF4B-00C04F79EFBC}") = "Master_Card", "Master_Card\Master_Card.csproj", "{67519A17-28FB-40E1-8886-1EFF91E834BA}"
EndProject
Global
	GlobalSection(SolutionConfigurationPlatforms) = preSolution
		Debug|Any CPU = Debug|Any CPU
		Release|Any CPU = Release|Any CPU
	EndGlobalSection
	GlobalSection(ProjectConfigurationPlatforms) = postSolution
		{67519A17-28FB-40E1-8886-1EFF91E834BA}.Debug|Any CPU.ActiveCfg = Debug|Any CPU
		{67519A17-28FB-40E1-8886-1EFF91E834BA}.Debug|Any CPU.Build.0 = Debug|Any CPU
		{67519A17-28FB-40E1-8886-1EFF91E834BA}.Release|Any CPU.ActiveCfg = Release|Any CPU
		{67519A17-28FB-40E1-8886-1EFF91E834BA}.Release|Any CPU.Build.0 = Release|Any CPU
	EndGlobalSection
	GlobalSection(SolutionProperties) = preSolution
		HideSolutionNode = FALSE
	EndGlobalSection
	GlobalSection(ExtensibilityGlobals) = postSolution
		SolutionGuid = {525E253C-D730-47CD-BCE4-550540F01931}
	EndGlobalSection
EndGlobal
